
Microsoft Visual Studio Solution File, Format Version 12.00
# Visual Studio Version 17
VisualStudioVersion = 17.5.33627.172
MinimumVisualStudioVersion = 10.0.40219.1
Project("{8BC9CEB8-8B4A-11D0-8D11-00A0C91BC942}") = "leetcode2446", "leetcode2446\leetcode2446.vcxproj", "{81C38D4E-8918-4B45-9546-596524619D2D}"
EndProject
Global
	GlobalSection(SolutionConfigurationPlatforms) = preSolution
		Debug|x64 = Debug|x64
		Debug|x86 = Debug|x86
		Release|x64 = Release|x64
		Release|x86 = Release|x86
	EndGlobalSection
	GlobalSection(ProjectConfigurationPlatforms) = postSolution
		{81C38D4E-8918-4B45-9546-596524619D2D}.Debug|x64.ActiveCfg = Debug|x64
		{81C38D4E-8918-4B45-9546-596524619D2D}.Debug|x64.Build.0 = Debug|x64
		{81C38D4E-8918-4B45-9546-596524619D2D}.Debug|x86.ActiveCfg = Debug|Win32
		{81C38D4E-8918-4B45-9546-596524619D2D}.Debug|x86.Build.0 = Debug|Win32
		{81C38D4E-8918-4B45-9546-596524619D2D}.Release|x64.ActiveCfg = Release|x64
		{81C38D4E-8918-4B45-9546-596524619D2D}.Release|x64.Build.0 = Release|x64
		{81C38D4E-8918-4B45-9546-596524619D2D}.Release|x86.ActiveCfg = Release|Win32
		{81C38D4E-8918-4B45-9546-596524619D2D}.Release|x86.Build.0 = Release|Win32
	EndGlobalSection
	GlobalSection(SolutionProperties) = preSolution
		HideSolutionNode = FALSE
	EndGlobalSection
	GlobalSection(ExtensibilityGlobals) = postSolution
		SolutionGuid = {687E2DCD-52D6-4059-99EB-C8B58164B7BE}
	EndGlobalSection
EndGlobal
